
Microsoft Visual Studio Solution File, Format Version 12.00
# Visual Studio Version 16
VisualStudioVersion = 16.0.30717.126
MinimumVisualStudioVersion = 10.0.40219.1
Project("{FAE04EC0-301F-11D3-BF4B-00C04F79EFBC}") = "Count Same Values in Array", "Count Same Values in Array\Count Same Values in Array.csproj", "{9772F556-9872-425D-894A-2AB54EFACCB5}"
EndProject
Project("{FAE04EC0-301F-11D3-BF4B-00C04F79EFBC}") = "Average Student Grades", "Average Student Grades\Average Student Grades.csproj", "{73E16B79-1FBB-4D8B-B886-338B863EF888}"
EndProject
Project("{FAE04EC0-301F-11D3-BF4B-00C04F79EFBC}") = "Product Shop", "Product Shop\Product Shop.csproj", "{E37B095E-F93E-4795-BEA5-3058DF7B5342}"
EndProject
Project("{FAE04EC0-301F-11D3-BF4B-00C04F79EFBC}") = "Cities by Continent and Country", "Cities by Continent and Country\Cities by Continent and Country.csproj", "{E60C7F88-8427-4BC9-AA05-16A1D2392CF2}"
EndProject
Global
	GlobalSection(SolutionConfigurationPlatforms) = preSolution
		Debug|Any CPU = Debug|Any CPU
		Release|Any CPU = Release|Any CPU
	EndGlobalSection
	GlobalSection(ProjectConfigurationPlatforms) = postSolution
		{9772F556-9872-425D-894A-2AB54EFACCB5}.Debug|Any CPU.ActiveCfg = Debug|Any CPU
		{9772F556-9872-425D-894A-2AB54EFACCB5}.Debug|Any CPU.Build.0 = Debug|Any CPU
		{9772F556-9872-425D-894A-2AB54EFACCB5}.Release|Any CPU.ActiveCfg = Release|Any CPU
		{9772F556-9872-425D-894A-2AB54EFACCB5}.Release|Any CPU.Build.0 = Release|Any CPU
		{73E16B79-1FBB-4D8B-B886-338B863EF888}.Debug|Any CPU.ActiveCfg = Debug|Any CPU
		{73E16B79-1FBB-4D8B-B886-338B863EF888}.Debug|Any CPU.Build.0 = Debug|Any CPU
		{73E16B79-1FBB-4D8B-B886-338B863EF888}.Release|Any CPU.ActiveCfg = Release|Any CPU
		{73E16B79-1FBB-4D8B-B886-338B863EF888}.Release|Any CPU.Build.0 = Release|Any CPU
		{E37B095E-F93E-4795-BEA5-3058DF7B5342}.Debug|Any CPU.ActiveCfg = Debug|Any CPU
		{E37B095E-F93E-4795-BEA5-3058DF7B5342}.Debug|Any CPU.Build.0 = Debug|Any CPU
		{E37B095E-F93E-4795-BEA5-3058DF7B5342}.Release|Any CPU.ActiveCfg = Release|Any CPU
		{E37B095E-F93E-4795-BEA5-3058DF7B5342}.Release|Any CPU.Build.0 = Release|Any CPU
		{E60C7F88-8427-4BC9-AA05-16A1D2392CF2}.Debug|Any CPU.ActiveCfg = Debug|Any CPU
		{E60C7F88-8427-4BC9-AA05-16A1D2392CF2}.Debug|Any CPU.Build.0 = Debug|Any CPU
		{E60C7F88-8427-4BC9-AA05-16A1D2392CF2}.Release|Any CPU.ActiveCfg = Release|Any CPU
		{E60C7F88-8427-4BC9-AA05-16A1D2392CF2}.Release|Any CPU.Build.0 = Release|Any CPU
	EndGlobalSection
	GlobalSection(SolutionProperties) = preSolution
		HideSolutionNode = FALSE
	EndGlobalSection
	GlobalSection(ExtensibilityGlobals) = postSolution
		SolutionGuid = {8C103712-46E2-404C-BBE4-5A615B3E45B4}
	EndGlobalSection
EndGlobal
